
Microsoft Visual Studio Solution File, Format Version 12.00
# Visual Studio Version 17
VisualStudioVersion = 17.6.33829.357
MinimumVisualStudioVersion = 10.0.40219.1
Project("{9A19103F-16F7-4668-BE54-9A1E7A4F7556}") = "BulkyWeb", "BulkyWeb\BulkyWeb.csproj", "{29DF1E03-6F61-4DE5-A337-FB76BA379BAA}"
EndProject
Project("{FAE04EC0-301F-11D3-BF4B-00C04F79EFBC}") = "BulkyWeb_Temp", "BulkyWeb_Temp\BulkyWeb_Temp.csproj", "{FC0C4716-81E8-40B7-93A9-DE791BC0D851}"
EndProject
Global
	GlobalSection(SolutionConfigurationPlatforms) = preSolution
		Debug|Any CPU = Debug|Any CPU
		Release|Any CPU = Release|Any CPU
	EndGlobalSection
	GlobalSection(ProjectConfigurationPlatforms) = postSolution
		{29DF1E03-6F61-4DE5-A337-FB76BA379BAA}.Debug|Any CPU.ActiveCfg = Debug|Any CPU
		{29DF1E03-6F61-4DE5-A337-FB76BA379BAA}.Debug|Any CPU.Build.0 = Debug|Any CPU
		{29DF1E03-6F61-4DE5-A337-FB76BA379BAA}.Release|Any CPU.ActiveCfg = Release|Any CPU
		{29DF1E03-6F61-4DE5-A337-FB76BA379BAA}.Release|Any CPU.Build.0 = Release|Any CPU
		{FC0C4716-81E8-40B7-93A9-DE791BC0D851}.Debug|Any CPU.ActiveCfg = Debug|Any CPU
		{FC0C4716-81E8-40B7-93A9-DE791BC0D851}.Debug|Any CPU.Build.0 = Debug|Any CPU
		{FC0C4716-81E8-40B7-93A9-DE791BC0D851}.Release|Any CPU.ActiveCfg = Release|Any CPU
		{FC0C4716-81E8-40B7-93A9-DE791BC0D851}.Release|Any CPU.Build.0 = Release|Any CPU
	EndGlobalSection
	GlobalSection(SolutionProperties) = preSolution
		HideSolutionNode = FALSE
	EndGlobalSection
	GlobalSection(ExtensibilityGlobals) = postSolution
		SolutionGuid = {E347B000-0CFA-491B-B2A1-A0B4A1D21386}
	EndGlobalSection
EndGlobal
